{
    "_meta": {
        "hash": {
            "sha256": "49e0a765ecdc6bcc272e23fc2923a6ca38d29ab1a3990d4082f1a07927421958"
        },
        "pipfile-spec": 6,
        "requires": {
            "python_version": "3.7"
        },
        "sources": [
            {
                "name": "pypi",
                "url": "https://pypi.org/simple",
                "verify_ssl": true
            }
        ]
    },
    "default": {
        "av": {
            "hashes": [
                "sha256:4fb03da095773d283cff051e16cf6af1208b39bf62b97f6c4ef4b22e151ea3f2"
            ],
            "index": "pypi",
            "version": "==6.2.0"
        },
        "bokeh": {
            "hashes": [
                "sha256:c60d38a41a777b8147ee4134e6142cea8026b5eebf48149e370c44689869dce7"
            ],
            "index": "pypi",
            "version": "==1.4.0"
        },
        "click": {
            "hashes": [
                "sha256:d2b5255c7c6349bc1bd1e59e08cd12acbbd63ce649f2588755783aa94dfb6b1a",
                "sha256:dacca89f4bfadd5de3d7489b7c8a566eee0d3676333fbb50030263894c38c0dc"
            ],
            "version": "==7.1.2"
        },
        "cycler": {
            "hashes": [
                "sha256:1d8a5ae1ff6c5cf9b93e8811e581232ad8920aeec647c37316ceac982b08cb2d",
                "sha256:cd7b2d1018258d7247a71425e9f26463dfb444d411c39569972f4ce586b0c9d8"
            ],
            "version": "==0.10.0"
        },
        "cython": {
            "hashes": [
                "sha256:03f6bbb380ad0acb744fb06e42996ea217e9d00016ca0ff6f2e7d60f580d0360",
                "sha256:05e8cfd3a3a6087aec49a1ae08a89171db991956209406d1e5576f9db70ece52",
                "sha256:05eb79efc8029d487251c8a2702a909a8ba33c332e06d2f3980866541bd81253",
                "sha256:094d28a34c3fa992ae02aea1edbe6ff89b3cc5870b6ee38b5baeb805dc57b013",
                "sha256:0c70e842e52e2f50cc43bad43b5e5bc515f30821a374e544abb0e0746f2350ff",
                "sha256:1dcdaa319558eb924294a554dcf6c12383ec947acc7e779e8d3622409a7f7d28",
                "sha256:1fc5bdda28f25fec44e4721677458aa509d743cd350862270309d61aa148d6ff",
                "sha256:280573a01d9348d44a42d6a9c651d9f7eb1fe9217df72555b2a118f902996a10",
                "sha256:298ceca7b0f0da4205fcb0b7c9ac9e120e2dafffd5019ba1618e84ef89434b5a",
                "sha256:4074a8bff0040035673cc6dd365a762476d6bff4d03d8ce6904e3e53f9a25dc8",
                "sha256:41e7068e95fbf9ec94b41437f989caf9674135e770a39cdb9c00de459bafd1bc",
                "sha256:47e5e1502d52ef03387cf9d3b3241007961a84a466e58a3b74028e1dd4957f8c",
                "sha256:521340844cf388d109ceb61397f3fd5250ccb622a1a8e93559e8de76c80940a9",
                "sha256:6c53338c1811f8c6d7f8cb7abd874810b15045e719e8207f957035c9177b4213",
                "sha256:75c2dda47dcc3c77449712b1417bb6b89ec3b7b02e18c64262494dceffdf455e",
                "sha256:773c5a98e463b52f7e8197254b39b703a5ea1972aef3a94b3b921515d77dd041",
                "sha256:78c3068dcba300d473fef57cdf523e34b37de522f5a494ef9ee1ac9b4b8bbe3f",
                "sha256:7bc18fc5a170f2c1cef5387a3d997c28942918bbee0f700e73fd2178ee8d474d",
                "sha256:7f89eff20e4a7a64b55210dac17aea711ed8a3f2e78f2ff784c0e984302583dd",
                "sha256:89458b49976b1dee5d89ab4ac943da3717b4292bf624367e862e4ee172fcce99",
                "sha256:986f871c0fa649b293061236b93782d25c293a8dd8117c7ba05f8a61bdc261ae",
                "sha256:a0f495a4fe5278aab278feee35e6102efecde5176a8a74dd28c28e3fc5c8d7c7",
                "sha256:a14aa436586c41633339415de82a41164691d02d3e661038da533be5d40794a5",
                "sha256:b8ab3ab38afc47d8f4fe629b836243544351cef681b6bdb1dc869028d6fdcbfb",
                "sha256:bb487881608ebd293592553c618f0c83316f4f13a64cb18605b1d2fb9fd3da3e",
                "sha256:c0b24bfe3431b3cb7ced323bca813dbd13aca973a1475b512d3331fd0de8ec60",
                "sha256:c7894c06205166d360ab2915ae306d1f7403e9ce3d3aaeff4095eaf98e42ce66",
                "sha256:d4039bb7f234ad32267c55e72fd49fb56078ea102f9d9d8559f6ec34d4887630",
                "sha256:e4d6bb8703d0319eb04b7319b12ea41580df44fd84d83ccda13ea463c6801414",
                "sha256:e8fab9911fd2fa8e5af407057cb8bdf87762f983cba483fa3234be20a9a0af77",
                "sha256:f3818e578e687cdb21dc4aa4a3bc6278c656c9c393e9eda14dd04943f478863d",
                "sha256:fe666645493d72712c46e4fbe8bec094b06aec3c337400479e9704439c9d9586"
            ],
            "index": "pypi",
            "version": "==0.29.14"
        },
        "fastapi": {
            "hashes": [
                "sha256:38356cf424392142a561f32ab49113dec6e2ab7318862ae14d5e1d7ede16d14f",
                "sha256:48cb522c1c993e238bfe272fbb18049cbd4bf5b9d6c0d4a4fa113cc790e8196c"
            ],
            "index": "pypi",
            "version": "==0.42.0"
        },
        "ffmpeg": {
            "hashes": [
                "sha256:6931692c890ff21d39938433c2189747815dca0c60ddc7f9bb97f199dba0b5b9"
            ],
            "index": "pypi",
            "version": "==1.4"
        },
        "flask": {
            "hashes": [
                "sha256:13f9f196f330c7c2c5d7a5cf91af894110ca0215ac051b5844701f2bfd934d52",
                "sha256:45eb5a6fd193d6cf7e0cf5d8a5b31f83d5faae0293695626f539a823e93b13f6"
            ],
            "index": "pypi",
            "version": "==1.1.1"
        },
        "gunicorn": {
            "hashes": [
                "sha256:aa8e0b40b4157b36a5df5e599f45c9c76d6af43845ba3b3b0efe2c70473c2471",
                "sha256:fa2662097c66f920f53f70621c6c58ca4a3c4d3434205e608e121b5b3b71f4f3"
            ],
            "index": "pypi",
            "version": "==19.9.0"
        },
        "h11": {
            "hashes": [
                "sha256:acca6a44cb52a32ab442b1779adf0875c443c689e9e028f8d831a3769f9c5208",
                "sha256:f2b1ca39bfed357d1f19ac732913d5f9faa54a5062eca7d2ec3a916cfb7ae4c7"
            ],
            "version": "==0.8.1"
        },
        "httptools": {
            "hashes": [
                "sha256:e00cbd7ba01ff748e494248183abc6e153f49181169d8a3d41bb49132ca01dfc"
            ],
            "version": "==0.0.13"
        },
        "imageio": {
            "hashes": [
                "sha256:c9763e5c187ecf74091c845626b0bdcc6130a20a0de7a86ae0108e2b5335ed3f",
                "sha256:f44eb231b9df485874f2ffd22dfd0c3c711e7de076516b9374edea5c65bc67ae"
            ],
            "index": "pypi",
            "version": "==2.6.1"
        },
        "imutils": {
            "hashes": [
                "sha256:857af6169d90e4a0a814130b9b107f5d611150ce440107e1c1233521c6fb1e2b"
            ],
            "index": "pypi",
            "version": "==0.5.3"
        },
        "itsdangerous": {
            "hashes": [
                "sha256:321b033d07f2a4136d3ec762eac9f16a10ccd60f53c0c91af90217ace7ba1f19",
                "sha256:b12271b2047cb23eeb98c8b5622e2e5c5e9abd9784a153e9d8ef9cb4dd09d749"
            ],
            "version": "==1.1.0"
        },
        "jinja2": {
            "hashes": [
                "sha256:03e47ad063331dd6a3f04a43eddca8a966a26ba0c5b7207a9a9e4e08f1b29419",
                "sha256:a6d58433de0ae800347cab1fa3043cebbabe8baa9d29e668f1c768cb87a333c6"
            ],
            "index": "pypi",
            "version": "==2.11.3"
        },
        "kiwisolver": {
            "hashes": [
                "sha256:0cd53f403202159b44528498de18f9285b04482bab2a6fc3f5dd8dbb9352e30d",
                "sha256:1e1bc12fb773a7b2ffdeb8380609f4f8064777877b2225dec3da711b421fda31",
                "sha256:225e2e18f271e0ed8157d7f4518ffbf99b9450fca398d561eb5c4a87d0986dd9",
                "sha256:232c9e11fd7ac3a470d65cd67e4359eee155ec57e822e5220322d7b2ac84fbf0",
                "sha256:31dfd2ac56edc0ff9ac295193eeaea1c0c923c0355bf948fbd99ed6018010b72",
                "sha256:33449715e0101e4d34f64990352bce4095c8bf13bed1b390773fc0a7295967b3",
                "sha256:401a2e9afa8588589775fe34fc22d918ae839aaaf0c0e96441c0fdbce6d8ebe6",
                "sha256:44a62e24d9b01ba94ae7a4a6c3fb215dc4af1dde817e7498d901e229aaf50e4e",
                "sha256:50af681a36b2a1dee1d3c169ade9fdc59207d3c31e522519181e12f1b3ba7000",
                "sha256:563c649cfdef27d081c84e72a03b48ea9408c16657500c312575ae9d9f7bc1c3",
                "sha256:5989db3b3b34b76c09253deeaf7fbc2707616f130e166996606c284395da3f18",
                "sha256:5a7a7dbff17e66fac9142ae2ecafb719393aaee6a3768c9de2fd425c63b53e21",
                "sha256:5c3e6455341008a054cccee8c5d24481bcfe1acdbc9add30aa95798e95c65621",
                "sha256:5f6ccd3dd0b9739edcf407514016108e2280769c73a85b9e59aa390046dbf08b",
                "sha256:72c99e39d005b793fb7d3d4e660aed6b6281b502e8c1eaf8ee8346023c8e03bc",
                "sha256:78751b33595f7f9511952e7e60ce858c6d64db2e062afb325985ddbd34b5c131",
                "sha256:834ee27348c4aefc20b479335fd422a2c69db55f7d9ab61721ac8cd83eb78882",
                "sha256:8be8d84b7d4f2ba4ffff3665bcd0211318aa632395a1a41553250484a871d454",
                "sha256:950a199911a8d94683a6b10321f9345d5a3a8433ec58b217ace979e18f16e248",
                "sha256:a357fd4f15ee49b4a98b44ec23a34a95f1e00292a139d6015c11f55774ef10de",
                "sha256:a53d27d0c2a0ebd07e395e56a1fbdf75ffedc4a05943daf472af163413ce9598",
                "sha256:acef3d59d47dd85ecf909c359d0fd2c81ed33bdff70216d3956b463e12c38a54",
                "sha256:b38694dcdac990a743aa654037ff1188c7a9801ac3ccc548d3341014bc5ca278",
                "sha256:b9edd0110a77fc321ab090aaa1cfcaba1d8499850a12848b81be2222eab648f6",
                "sha256:c08e95114951dc2090c4a630c2385bef681cacf12636fb0241accdc6b303fd81",
                "sha256:c5518d51a0735b1e6cee1fdce66359f8d2b59c3ca85dc2b0813a8aa86818a030",
                "sha256:c8fd0f1ae9d92b42854b2979024d7597685ce4ada367172ed7c09edf2cef9cb8",
                "sha256:ca3820eb7f7faf7f0aa88de0e54681bddcb46e485beb844fcecbcd1c8bd01689",
                "sha256:cf8b574c7b9aa060c62116d4181f3a1a4e821b2ec5cbfe3775809474113748d4",
                "sha256:d3155d828dec1d43283bd24d3d3e0d9c7c350cdfcc0bd06c0ad1209c1bbc36d0",
                "sha256:f8d6f8db88049a699817fd9178782867bf22283e3813064302ac59f61d95be05",
                "sha256:fd34fbbfbc40628200730bc1febe30631347103fc8d3d4fa012c21ab9c11eca9"
            ],
            "version": "==1.3.1"
        },
        "markupsafe": {
            "hashes": [
                "sha256:00bc623926325b26bb9605ae9eae8a215691f33cae5df11ca5424f06f2d1f473",
                "sha256:09027a7803a62ca78792ad89403b1b7a73a01c8cb65909cd876f7fcebd79b161",
                "sha256:09c4b7f37d6c648cb13f9230d847adf22f8171b1ccc4d5682398e77f40309235",
                "sha256:1027c282dad077d0bae18be6794e6b6b8c91d58ed8a8d89a89d59693b9131db5",
                "sha256:13d3144e1e340870b25e7b10b98d779608c02016d5184cfb9927a9f10c689f42",
                "sha256:195d7d2c4fbb0ee8139a6cf67194f3973a6b3042d742ebe0a9ed36d8b6f0c07f",
                "sha256:22c178a091fc6630d0d045bdb5992d2dfe14e3259760e713c490da5323866c39",
                "sha256:24982cc2533820871eba85ba648cd53d8623687ff11cbb805be4ff7b4c971aff",
                "sha256:29872e92839765e546828bb7754a68c418d927cd064fd4708fab9fe9c8bb116b",
                "sha256:2beec1e0de6924ea551859edb9e7679da6e4870d32cb766240ce17e0a0ba2014",
                "sha256:3b8a6499709d29c2e2399569d96719a1b21dcd94410a586a18526b143ec8470f",
                "sha256:43a55c2930bbc139570ac2452adf3d70cdbb3cfe5912c71cdce1c2c6bbd9c5d1",
                "sha256:46c99d2de99945ec5cb54f23c8cd5689f6d7177305ebff350a58ce5f8de1669e",
                "sha256:500d4957e52ddc3351cabf489e79c91c17f6e0899158447047588650b5e69183",
                "sha256:535f6fc4d397c1563d08b88e485c3496cf5784e927af890fb3c3aac7f933ec66",
                "sha256:596510de112c685489095da617b5bcbbac7dd6384aeebeda4df6025d0256a81b",
                "sha256:62fe6c95e3ec8a7fad637b7f3d372c15ec1caa01ab47926cfdf7a75b40e0eac1",
                "sha256:6788b695d50a51edb699cb55e35487e430fa21f1ed838122d722e0ff0ac5ba15",
                "sha256:6dd73240d2af64df90aa7c4e7481e23825ea70af4b4922f8ede5b9e35f78a3b1",
                "sha256:6f1e273a344928347c1290119b493a1f0303c52f5a5eae5f16d74f48c15d4a85",
                "sha256:6fffc775d90dcc9aed1b89219549b329a9250d918fd0b8fa8d93d154918422e1",
                "sha256:717ba8fe3ae9cc0006d7c451f0bb265ee07739daf76355d06366154ee68d221e",
                "sha256:79855e1c5b8da654cf486b830bd42c06e8780cea587384cf6545b7d9ac013a0b",
                "sha256:7c1699dfe0cf8ff607dbdcc1e9b9af1755371f92a68f706051cc8c37d447c905",
                "sha256:7fed13866cf14bba33e7176717346713881f56d9d2bcebab207f7a036f41b850",
                "sha256:84dee80c15f1b560d55bcfe6d47b27d070b4681c699c572af2e3c7cc90a3b8e0",
                "sha256:88e5fcfb52ee7b911e8bb6d6aa2fd21fbecc674eadd44118a9cc3863f938e735",
                "sha256:8defac2f2ccd6805ebf65f5eeb132adcf2ab57aa11fdf4c0dd5169a004710e7d",
                "sha256:98bae9582248d6cf62321dcb52aaf5d9adf0bad3b40582925ef7c7f0ed85fceb",
                "sha256:98c7086708b163d425c67c7a91bad6e466bb99d797aa64f965e9d25c12111a5e",
                "sha256:9add70b36c5666a2ed02b43b335fe19002ee5235efd4b8a89bfcf9005bebac0d",
                "sha256:9bf40443012702a1d2070043cb6291650a0841ece432556f784f004937f0f32c",
                "sha256:a6a744282b7718a2a62d2ed9d993cad6f5f585605ad352c11de459f4108df0a1",
                "sha256:acf08ac40292838b3cbbb06cfe9b2cb9ec78fce8baca31ddb87aaac2e2dc3bc2",
                "sha256:ade5e387d2ad0d7ebf59146cc00c8044acbd863725f887353a10df825fc8ae21",
                "sha256:b00c1de48212e4cc9603895652c5c410df699856a2853135b3967591e4beebc2",
                "sha256:b1282f8c00509d99fef04d8ba936b156d419be841854fe901d8ae224c59f0be5",
                "sha256:b1dba4527182c95a0db8b6060cc98ac49b9e2f5e64320e2b56e47cb2831978c7",
                "sha256:b2051432115498d3562c084a49bba65d97cf251f5a331c64a12ee7e04dacc51b",
                "sha256:b7d644ddb4dbd407d31ffb699f1d140bc35478da613b441c582aeb7c43838dd8",
                "sha256:ba59edeaa2fc6114428f1637ffff42da1e311e29382d81b339c1817d37ec93c6",
                "sha256:bf5aa3cbcfdf57fa2ee9cd1822c862ef23037f5c832ad09cfea57fa846dec193",
                "sha256:c8716a48d94b06bb3b2524c2b77e055fb313aeb4ea620c8dd03a105574ba704f",
                "sha256:caabedc8323f1e93231b52fc32bdcde6db817623d33e100708d9a68e1f53b26b",
                "sha256:cd5df75523866410809ca100dc9681e301e3c27567cf498077e8551b6d20e42f",
                "sha256:cdb132fc825c38e1aeec2c8aa9338310d29d337bebbd7baa06889d09a60a1fa2",
                "sha256:d53bc011414228441014aa71dbec320c66468c1030aae3a6e29778a3382d96e5",
                "sha256:d73a845f227b0bfe8a7455ee623525ee656a9e2e749e4742706d80a6065d5e2c",
                "sha256:d9be0ba6c527163cbed5e0857c451fcd092ce83947944d6c14bc95441203f032",
                "sha256:e249096428b3ae81b08327a63a485ad0878de3fb939049038579ac0ef61e17e7",
                "sha256:e8313f01ba26fbbe36c7be1966a7b7424942f670f38e666995b88d012765b9be",
                "sha256:feb7b34d6325451ef96bc0e36e1a6c0c1c64bc1fbec4b854f4529e51887b1621"
            ],
            "version": "==1.1.1"
        },
        "matplotlib": {
            "hashes": [
                "sha256:1febd22afe1489b13c6749ea059d392c03261b2950d1d45c17e3aed812080c93",
                "sha256:31a30d03f39528c79f3a592857be62a08595dec4ac034978ecd0f814fa0eec2d",
                "sha256:4442ce720907f67a79d45de9ada47be81ce17e6c2f448b3c64765af93f6829c9",
                "sha256:796edbd1182cbffa7e1e7a97f1e141f875a8501ba8dd834269ae3cd45a8c976f",
                "sha256:934e6243df7165aad097572abf5b6003c77c9b6c480c3c4de6f2ef1b5fdd4ec0",
                "sha256:bab9d848dbf1517bc58d1f486772e99919b19efef5dd8596d4b26f9f5ee08b6b",
                "sha256:c1fe1e6cdaa53f11f088b7470c2056c0df7d80ee4858dadf6cbe433fcba4323b",
                "sha256:e5b8aeca9276a3a988caebe9f08366ed519fff98f77c6df5b64d7603d0e42e36",
                "sha256:ec6bd0a6a58df3628ff269978f4a4b924a0d371ad8ce1f8e2b635b99e482877a"
            ],
            "index": "pypi",
            "version": "==3.1.1"
        },
        "numpy": {
            "hashes": [
                "sha256:0b0dd8f47fb177d00fa6ef2d58783c4f41ad3126b139c91dd2f7c4b3fdf5e9a5",
                "sha256:25ffe71f96878e1da7e014467e19e7db90ae7d4e12affbc73101bcf61785214e",
                "sha256:26efd7f7d755e6ca966a5c0ac5a930a87dbbaab1c51716ac26a38f42ecc9bc4b",
                "sha256:28b1180c758abf34a5c3fea76fcee66a87def1656724c42bb14a6f9717a5bdf7",
                "sha256:2e418f0a59473dac424f888dd57e85f77502a593b207809211c76e5396ae4f5c",
                "sha256:30c84e3a62cfcb9e3066f25226e131451312a044f1fe2040e69ce792cb7de418",
                "sha256:4650d94bb9c947151737ee022b934b7d9a845a7c76e476f3e460f09a0c8c6f39",
                "sha256:4dd830a11e8724c9c9379feed1d1be43113f8bcce55f47ea7186d3946769ce26",
                "sha256:4f2a2b279efde194877aff1f76cf61c68e840db242a5c7169f1ff0fd59a2b1e2",
                "sha256:62d22566b3e3428dfc9ec972014c38ed9a4db4f8969c78f5414012ccd80a149e",
                "sha256:669795516d62f38845c7033679c648903200980d68935baaa17ac5c7ae03ae0c",
                "sha256:75fcd60d682db3e1f8fbe2b8b0c6761937ad56d01c1dc73edf4ef2748d5b6bc4",
                "sha256:9395b0a41e8b7e9a284e3be7060db9d14ad80273841c952c83a5afc241d2bd98",
                "sha256:9e37c35fc4e9410093b04a77d11a34c64bf658565e30df7cbe882056088a91c1",
                "sha256:a0678793096205a4d784bd99f32803ba8100f639cf3b932dc63b21621390ea7e",
                "sha256:b46554ad4dafb2927f88de5a1d207398c5385edbb5c84d30b3ef187c4a3894d8",
                "sha256:c867eeccd934920a800f65c6068acdd6b87e80d45cd8c8beefff783b23cdc462",
                "sha256:dd0667f5be56fb1b570154c2c0516a528e02d50da121bbbb2cbb0b6f87f59bc2",
                "sha256:de2b1c20494bdf47f0160bd88ed05f5e48ae5dc336b8de7cfade71abcc95c0b9",
                "sha256:f1df7b2b7740dd777571c732f98adb5aad5450aee32772f1b39249c8a50386f6",
                "sha256:ffca69e29079f7880c5392bf675eb8b4146479d976ae1924d01cd92b04cccbcc"
            ],
            "index": "pypi",
            "version": "==1.17.3"
        },
        "packaging": {
            "hashes": [
                "sha256:5b327ac1320dc863dca72f4514ecc086f31186744b84a230374cc1fd776feae5",
                "sha256:67714da7f7bc052e064859c05c595155bd1ee9f69f76557e21f051443c20947a"
            ],
            "version": "==20.9"
        },
        "pillow": {
            "hashes": [
                "sha256:15306d71a1e96d7e271fd2a0737038b5a92ca2978d2e38b6ced7966583e3d5af",
                "sha256:1940fc4d361f9cc7e558d6f56ff38d7351b53052fd7911f4b60cd7bc091ea3b1",
                "sha256:1f93f2fe211f1ef75e6f589327f4d4f8545d5c8e826231b042b483d8383e8a7c",
                "sha256:30d33a1a6400132e6f521640dd3f64578ac9bfb79a619416d7e8802b4ce1dd55",
                "sha256:328240f7dddf77783e72d5ed79899a6b48bc6681f8d1f6001f55933cb4905060",
                "sha256:46c2bcf8e1e75d154e78417b3e3c64e96def738c2a25435e74909e127a8cba5e",
                "sha256:5762ebb4436f46b566fc6351d67a9b5386b5e5de4e58fdaa18a1c83e0e20f1a8",
                "sha256:5a2d957eb4aba9d48170b8fe6538ec1fbc2119ffe6373782c03d8acad3323f2e",
                "sha256:5cf03b9534aca63b192856aa601c68d0764810857786ea5da652581f3a44c2b0",
                "sha256:5daba2b40782c1c5157a788ec4454067c6616f5a0c1b70e26ac326a880c2d328",
                "sha256:63cd413ac52ee3f67057223d363f4f82ce966e64906aea046daf46695e3c8238",
                "sha256:6efac40344d8f668b6c4533ae02a48d52fd852ef0654cc6f19f6ac146399c733",
                "sha256:71b01ee69e7df527439d7752a2ce8fb89e19a32df484a308eca3e81f673d3a03",
                "sha256:71f31ee4df3d5e0b366dd362007740106d3210fb6a56ec4b581a5324ba254f06",
                "sha256:72027ebf682abc9bafd93b43edc44279f641e8996fb2945104471419113cfc71",
                "sha256:74cd9aa648ed6dd25e572453eb09b08817a1e3d9f8d1bd4d8403d99e42ea790b",
                "sha256:81b3716cc9744ffdf76b39afb6247eae754186838cedad0b0ac63b2571253fe6",
                "sha256:8565355a29655b28fdc2c666fd9a3890fe5edc6639d128814fafecfae2d70910",
                "sha256:87f42c976f91ca2fc21a3293e25bd3cd895918597db1b95b93cbd949f7d019ce",
                "sha256:89e4c757a91b8c55d97c91fa09c69b3677c227b942fa749e9a66eef602f59c28",
                "sha256:8c4e32218c764bc27fe49b7328195579581aa419920edcc321c4cb877c65258d",
                "sha256:903293320efe2466c1ab3509a33d6b866dc850cfd0c5d9cc92632014cec185fb",
                "sha256:90882c6f084ef68b71bba190209a734bf90abb82ab5e8f64444c71d5974008c6",
                "sha256:98afcac3205d31ab6a10c5006b0cf040d0026a68ec051edd3517b776c1d78b09",
                "sha256:a01da2c266d9868c4f91a9c6faf47a251f23b9a862dce81d2ff583135206f5be",
                "sha256:aeab4cd016e11e7aa5cfc49dcff8e51561fa64818a0be86efa82c7038e9369d0",
                "sha256:b07c660e014852d98a00a91adfbe25033898a9d90a8f39beb2437d22a203fc44",
                "sha256:bead24c0ae3f1f6afcb915a057943ccf65fc755d11a1410a909c1fefb6c06ad1",
                "sha256:d1d6bca39bb6dd94fba23cdb3eeaea5e30c7717c5343004d900e2a63b132c341",
                "sha256:e2cd8ac157c1e5ae88b6dd790648ee5d2777e76f1e5c7d184eaddb2938594f34",
                "sha256:e5739ae63636a52b706a0facec77b2b58e485637e1638202556156e424a02dc2",
                "sha256:f36c3ff63d6fc509ce599a2f5b0d0732189eed653420e7294c039d342c6e204a",
                "sha256:f91b50ad88048d795c0ad004abbe1390aa1882073b1dca10bfd55d0b8cf18ec5"
            ],
            "version": "==8.1.2"
        },
        "pydantic": {
            "hashes": [
                "sha256:18598557f0d9ab46173045910ed50458c4fb4d16153c23346b504d7a5b679f77",
                "sha256:6a9335c968e13295430a208487e74d69fef40168b72dea8d975765d14e2da660",
                "sha256:6f5eb88fe4c21380aa064b7d249763fc6306f0b001d7e7d52d80866d1afc9ed3",
                "sha256:bc6c6a78647d7a65a493e1107572d993f26a652c49183201e3c7d23924bf7311",
                "sha256:e1a63b4e6bf8820833cb6fa239ffbe8eec57ccdd7d66359eff20e68a83c1deeb",
                "sha256:ede2d65ae33788d4e26e12b330b4a32c53cb14131c65bca3a59f037c73f6ee7a"
            ],
            "version": "==0.32.2"
        },
        "pyparsing": {
            "hashes": [
                "sha256:c203ec8783bf771a155b207279b9bccb8dea02d8f0c9e5f8ead507bc3246ecc1",
                "sha256:ef9d7589ef3c200abe66653d3f1ab1033c3c419ae9b9bdb1240a85b024efc88b"
            ],
            "version": "==2.4.7"
        },
        "python-dateutil": {
            "hashes": [
                "sha256:73ebfe9dbf22e832286dafa60473e4cd239f8592f699aa5adaf10050e6e1823c",
                "sha256:75bb3f31ea686f1197762692a9ee6a7550b59fc6ca3a1f4b5d7e32fb98e2da2a"
            ],
            "version": "==2.8.1"
        },
        "pyyaml": {
            "hashes": [
                "sha256:08682f6b72c722394747bddaf0aa62277e02557c0fd1c42cb853016a38f8dedf",
                "sha256:0f5f5786c0e09baddcd8b4b45f20a7b5d61a7e7e99846e3c799b05c7c53fa696",
                "sha256:129def1b7c1bf22faffd67b8f3724645203b79d8f4cc81f674654d9902cb4393",
                "sha256:294db365efa064d00b8d1ef65d8ea2c3426ac366c0c4368d930bf1c5fb497f77",
                "sha256:3b2b1824fe7112845700f815ff6a489360226a5609b96ec2190a45e62a9fc922",
                "sha256:3bd0e463264cf257d1ffd2e40223b197271046d09dadf73a0fe82b9c1fc385a5",
                "sha256:4465124ef1b18d9ace298060f4eccc64b0850899ac4ac53294547536533800c8",
                "sha256:49d4cdd9065b9b6e206d0595fee27a96b5dd22618e7520c33204a4a3239d5b10",
                "sha256:4e0583d24c881e14342eaf4ec5fbc97f934b999a6828693a99157fde912540cc",
                "sha256:5accb17103e43963b80e6f837831f38d314a0495500067cb25afab2e8d7a4018",
                "sha256:607774cbba28732bfa802b54baa7484215f530991055bb562efbed5b2f20a45e",
                "sha256:6c78645d400265a062508ae399b60b8c167bf003db364ecb26dcab2bda048253",
                "sha256:72a01f726a9c7851ca9bfad6fd09ca4e090a023c00945ea05ba1638c09dc3347",
                "sha256:74c1485f7707cf707a7aef42ef6322b8f97921bd89be2ab6317fd782c2d53183",
                "sha256:895f61ef02e8fed38159bb70f7e100e00f471eae2bc838cd0f4ebb21e28f8541",
                "sha256:8c1be557ee92a20f184922c7b6424e8ab6691788e6d86137c5d93c1a6ec1b8fb",
                "sha256:bb4191dfc9306777bc594117aee052446b3fa88737cd13b7188d0e7aa8162185",
                "sha256:bfb51918d4ff3d77c1c856a9699f8492c612cde32fd3bcd344af9be34999bfdc",
                "sha256:c20cfa2d49991c8b4147af39859b167664f2ad4561704ee74c1de03318e898db",
                "sha256:cb333c16912324fd5f769fff6bc5de372e9e7a202247b48870bc251ed40239aa",
                "sha256:d2d9808ea7b4af864f35ea216be506ecec180628aced0704e34aca0b040ffe46",
                "sha256:d483ad4e639292c90170eb6f7783ad19490e7a8defb3e46f97dfe4bacae89122",
                "sha256:dd5de0646207f053eb0d6c74ae45ba98c3395a571a2891858e87df7c9b9bd51b",
                "sha256:e1d4970ea66be07ae37a3c2e48b5ec63f7ba6804bdddfdbd3cfd954d25a82e63",
                "sha256:e4fac90784481d221a8e4b1162afa7c47ed953be40d31ab4629ae917510051df",
                "sha256:fa5ae20527d8e831e8230cbffd9f8fe952815b2b7dae6ffec25318803a7528fc",
                "sha256:fd7f6999a8070df521b6384004ef42833b9bd62cfee11a09bda1079b4b704247",
                "sha256:fdc842473cd33f45ff6bce46aea678a54e3d21f1b61a7750ce3c498eedfe25d6",
                "sha256:fe69978f3f768926cfa37b867e3843918e012cf83f680806599ddce33c2c68b0"
            ],
            "version": "==5.4.1"
        },
        "scipy": {
            "hashes": [
                "sha256:0baa64bf42592032f6f6445a07144e355ca876b177f47ad8d0612901c9375bef",
                "sha256:243b04730d7223d2b844bda9500310eecc9eda0cba9ceaf0cde1839f8287dfa8",
                "sha256:2643cfb46d97b7797d1dbdb6f3c23fe3402904e3c90e6facfe6a9b98d808c1b5",
                "sha256:396eb4cdad421f846a1498299474f0a3752921229388f91f60dc3eda55a00488",
                "sha256:3ae3692616975d3c10aca6d574d6b4ff95568768d4525f76222fb60f142075b9",
                "sha256:435d19f80b4dcf67dc090cc04fde2c5c8a70b3372e64f6a9c58c5b806abfa5a8",
                "sha256:46a5e55850cfe02332998b3aef481d33f1efee1960fe6cfee0202c7dd6fc21ab",
                "sha256:75b513c462e58eeca82b22fc00f0d1875a37b12913eee9d979233349fce5c8b2",
                "sha256:7ccfa44a08226825126c4ef0027aa46a38c928a10f0a8a8483c80dd9f9a0ad44",
                "sha256:89dd6a6d329e3f693d1204d5562dd63af0fd7a17854ced17f9cbc37d5b853c8d",
                "sha256:a81da2fe32f4eab8b60d56ad43e44d93d392da228a77e229e59b51508a00299c",
                "sha256:a9d606d11eb2eec7ef893eb825017fbb6eef1e1d0b98a5b7fc11446ebeb2b9b1",
                "sha256:ac37eb652248e2d7cbbfd89619dce5ecfd27d657e714ed049d82f19b162e8d45",
                "sha256:cbc0611699e420774e945f6a4e2830f7ca2b3ee3483fca1aa659100049487dd5",
                "sha256:d02d813ec9958ed63b390ded463163685af6025cb2e9a226ec2c477df90c6957",
                "sha256:dd3b52e00f93fd1c86f2d78243dfb0d02743c94dd1d34ffea10055438e63b99d"
            ],
            "index": "pypi",
            "version": "==1.3.1"
        },
        "six": {
            "hashes": [
                "sha256:30639c035cdb23534cd4aa2dd52c3bf48f06e5f4a941509c8bafd8ce11080259",
                "sha256:8b74bedcbbbaca38ff6d7491d76f2b06b3592611af620f8426e82dddb04a5ced"
            ],
            "version": "==1.15.0"
        },
        "starlette": {
            "hashes": [
                "sha256:c2ac9a42e0e0328ad20fe444115ac5e3760c1ee2ac1ff8cdb5ec915c4a453411"
            ],
            "version": "==0.12.9"
        },
        "tornado": {
            "hashes": [
                "sha256:0a00ff4561e2929a2c37ce706cb8233b7907e0cdc22eab98888aca5dd3775feb",
                "sha256:0d321a39c36e5f2c4ff12b4ed58d41390460f798422c4504e09eb5678e09998c",
                "sha256:1e8225a1070cd8eec59a996c43229fe8f95689cb16e552d130b9793cb570a288",
                "sha256:20241b3cb4f425e971cb0a8e4ffc9b0a861530ae3c52f2b0434e6c1b57e9fd95",
                "sha256:25ad220258349a12ae87ede08a7b04aca51237721f63b1808d39bdb4b2164558",
                "sha256:33892118b165401f291070100d6d09359ca74addda679b60390b09f8ef325ffe",
                "sha256:33c6e81d7bd55b468d2e793517c909b139960b6c790a60b7991b9b6b76fb9791",
                "sha256:3447475585bae2e77ecb832fc0300c3695516a47d46cefa0528181a34c5b9d3d",
                "sha256:34ca2dac9e4d7afb0bed4677512e36a52f09caa6fded70b4e3e1c89dbd92c326",
                "sha256:3e63498f680547ed24d2c71e6497f24bca791aca2fe116dbc2bd0ac7f191691b",
                "sha256:548430be2740e327b3fe0201abe471f314741efcb0067ec4f2d7dcfb4825f3e4",
                "sha256:6196a5c39286cc37c024cd78834fb9345e464525d8991c21e908cc046d1cc02c",
                "sha256:61b32d06ae8a036a6607805e6720ef00a3c98207038444ba7fd3d169cd998910",
                "sha256:6286efab1ed6e74b7028327365cf7346b1d777d63ab30e21a0f4d5b275fc17d5",
                "sha256:65d98939f1a2e74b58839f8c4dab3b6b3c1ce84972ae712be02845e65391ac7c",
                "sha256:66324e4e1beede9ac79e60f88de548da58b1f8ab4b2f1354d8375774f997e6c0",
                "sha256:6c77c9937962577a6a76917845d06af6ab9197702a42e1346d8ae2e76b5e3675",
                "sha256:70dec29e8ac485dbf57481baee40781c63e381bebea080991893cd297742b8fd",
                "sha256:7250a3fa399f08ec9cb3f7b1b987955d17e044f1ade821b32e5f435130250d7f",
                "sha256:748290bf9112b581c525e6e6d3820621ff020ed95af6f17fedef416b27ed564c",
                "sha256:7da13da6f985aab7f6f28debab00c67ff9cbacd588e8477034c0652ac141feea",
                "sha256:8f959b26f2634a091bb42241c3ed8d3cedb506e7c27b8dd5c7b9f745318ddbb6",
                "sha256:9de9e5188a782be6b1ce866e8a51bc76a0fbaa0e16613823fc38e4fc2556ad05",
                "sha256:a48900ecea1cbb71b8c71c620dee15b62f85f7c14189bdeee54966fbd9a0c5bd",
                "sha256:b87936fd2c317b6ee08a5741ea06b9d11a6074ef4cc42e031bc6403f82a32575",
                "sha256:c77da1263aa361938476f04c4b6c8916001b90b2c2fdd92d8d535e1af48fba5a",
                "sha256:cb5ec8eead331e3bb4ce8066cf06d2dfef1bfb1b2a73082dfe8a161301b76e37",
                "sha256:cc0ee35043162abbf717b7df924597ade8e5395e7b66d18270116f8745ceb795",
                "sha256:d14d30e7f46a0476efb0deb5b61343b1526f73ebb5ed84f23dc794bdb88f9d9f",
                "sha256:d371e811d6b156d82aa5f9a4e08b58debf97c302a35714f6f45e35139c332e32",
                "sha256:d3d20ea5782ba63ed13bc2b8c291a053c8d807a8fa927d941bd718468f7b950c",
                "sha256:d3f7594930c423fd9f5d1a76bee85a2c36fd8b4b16921cae7e965f22575e9c01",
                "sha256:dcef026f608f678c118779cd6591c8af6e9b4155c44e0d1bc0c87c036fb8c8c4",
                "sha256:e0791ac58d91ac58f694d8d2957884df8e4e2f6687cdf367ef7eb7497f79eaa2",
                "sha256:e385b637ac3acaae8022e7e47dfa7b83d3620e432e3ecb9a3f7f58f150e50921",
                "sha256:e519d64089b0876c7b467274468709dadf11e41d65f63bba207e04217f47c085",
                "sha256:e7229e60ac41a1202444497ddde70a48d33909e484f96eb0da9baf8dc68541df",
                "sha256:ed3ad863b1b40cd1d4bd21e7498329ccaece75db5a5bf58cd3c9f130843e7102",
                "sha256:f0ba29bafd8e7e22920567ce0d232c26d4d47c8b5cf4ed7b562b5db39fa199c5",
                "sha256:fa2ba70284fa42c2a5ecb35e322e68823288a4251f9ba9cc77be04ae15eada68",
                "sha256:fba85b6cd9c39be262fcd23865652920832b61583de2a2ca907dbd8e8a8c81e5"
            ],
            "version": "==6.1"
        },
        "tqdm": {
            "hashes": [
                "sha256:94d2a64582150f503a294b3b8889413e7e56d6043473d6a5672d46185b043902",
                "sha256:fca09992116d6dc3ad9789cf601a254081eb40d5c14c1863ab6cd10e15c2cb26"
            ],
            "index": "pypi",
            "version": "==4.37.0"
        },
        "uvicorn": {
            "hashes": [
                "sha256:06bbcaad71cefc7d48b1ab1976a4e409ed4c826f0c1ce9daffa118bab1ed12e1"
            ],
            "index": "pypi",
            "version": "==0.10.3"
        },
        "uvloop": {
            "hashes": [
                "sha256:117357af2b79d9183675adace1e1e1b3400be81fdd54cdc8feb6a54724f099ca",
                "sha256:2cffc419a627bc71285d9481c869228a84f56358e54b1f683bc1d4be19b66651",
                "sha256:426074b9f5ee5865fcf0818252c16e72446e97578349d8b58ae3a666dacd8e38",
                "sha256:61b898682e3dc3673216f1c6678013d8f758304013d897f56d8bdc1d4ffe04e3",
                "sha256:667463aa2a2f6ed0a51a631f204a1ae9c71c8e49e2d8d82b3b9bf32833a7de83",
                "sha256:7d557bf49991e3f2b70298b117fc09791eba0115af2198a5a385eab85c776130",
                "sha256:aa10c0246425d8e7f494c639473427a35831222af5a2b0cb59eab251715a0d09",
                "sha256:b5c5a51b09ef6e787faadb5bcbd88d117c5136a162c40629a0d98707ae05dc6b",
                "sha256:c0f69bc2e750b5370010c48c9825c6785487d60fa26025df6206f33b5027fc56"
            ],
            "version": "==0.14.0rc2"
        },
        "websockets": {
            "hashes": [
                "sha256:0e4fb4de42701340bd2353bb2eee45314651caa6ccee80dbd5f5d5978888fed5",
                "sha256:1d3f1bf059d04a4e0eb4985a887d49195e15ebabc42364f4eb564b1d065793f5",
                "sha256:20891f0dddade307ffddf593c733a3fdb6b83e6f9eef85908113e628fa5a8308",
                "sha256:295359a2cc78736737dd88c343cd0747546b2174b5e1adc223824bcaf3e164cb",
                "sha256:2db62a9142e88535038a6bcfea70ef9447696ea77891aebb730a333a51ed559a",
                "sha256:3762791ab8b38948f0c4d281c8b2ddfa99b7e510e46bd8dfa942a5fff621068c",
                "sha256:3db87421956f1b0779a7564915875ba774295cc86e81bc671631379371af1170",
                "sha256:3ef56fcc7b1ff90de46ccd5a687bbd13a3180132268c4254fc0fa44ecf4fc422",
                "sha256:4f9f7d28ce1d8f1295717c2c25b732c2bc0645db3215cf757551c392177d7cb8",
                "sha256:5c01fd846263a75bc8a2b9542606927cfad57e7282965d96b93c387622487485",
                "sha256:5c65d2da8c6bce0fca2528f69f44b2f977e06954c8512a952222cea50dad430f",
                "sha256:751a556205d8245ff94aeef23546a1113b1dd4f6e4d102ded66c39b99c2ce6c8",
                "sha256:7ff46d441db78241f4c6c27b3868c9ae71473fe03341340d2dfdbe8d79310acc",
                "sha256:965889d9f0e2a75edd81a07592d0ced54daa5b0785f57dc429c378edbcffe779",
                "sha256:9b248ba3dd8a03b1a10b19efe7d4f7fa41d158fdaa95e2cf65af5a7b95a4f989",
                "sha256:9bef37ee224e104a413f0780e29adb3e514a5b698aabe0d969a6ba426b8435d1",
                "sha256:c1ec8db4fac31850286b7cd3b9c0e1b944204668b8eb721674916d4e28744092",
                "sha256:c8a116feafdb1f84607cb3b14aa1418424ae71fee131642fc568d21423b51824",
                "sha256:ce85b06a10fc65e6143518b96d3dca27b081a740bae261c2fb20375801a9d56d",
                "sha256:d705f8aeecdf3262379644e4b55107a3b55860eb812b673b28d0fbc347a60c55",
                "sha256:e898a0863421650f0bebac8ba40840fc02258ef4714cb7e1fd76b6a6354bda36",
                "sha256:f8a7bff6e8664afc4e6c28b983845c5bc14965030e3fb98789734d416af77c4b"
            ],
            "version": "==8.1"
        },
        "werkzeug": {
            "hashes": [
                "sha256:2de2a5db0baeae7b2d2664949077c2ac63fbd16d98da0ff71837f7d1dea3fd43",
                "sha256:6c80b1e5ad3665290ea39320b91e1be1e0d5f60652b964a3070216de83d2e47c"
            ],
            "version": "==1.0.1"
        }
    },
    "develop": {
        "astroid": {
            "hashes": [
                "sha256:71ea07f44df9568a75d0f354c49143a4575d90645e9fead6dfb52c26a85ed13a",
                "sha256:840947ebfa8b58f318d42301cf8c0a20fd794a33b61cc4638e28e9e61ba32f42"
            ],
            "version": "==2.3.3"
        },
        "backcall": {
            "hashes": [
                "sha256:5cbdbf27be5e7cfadb448baf0aa95508f91f2bbc6c6437cd9cd06e2a4c215e1e",
                "sha256:fbbce6a29f263178a1f7915c1940bde0ec2b2a967566fe1c65c1dfb7422bd255"
            ],
            "version": "==0.2.0"
        },
        "decorator": {
            "hashes": [
                "sha256:41fa54c2a0cc4ba648be4fd43cff00aedf5b9465c9bf18d64325bc225f08f760",
                "sha256:e3a62f0520172440ca0dcc823749319382e377f37f140a0b99ef45fecb84bfe7"
            ],
            "version": "==4.4.2"
        },
        "ipython": {
            "hashes": [
                "sha256:dfd303b270b7b5232b3d08bd30ec6fd685d8a58cabd54055e3d69d8f029f7280",
                "sha256:ed7ebe1cba899c1c3ccad6f7f1c2d2369464cc77dba8eebc65e2043e19cda995"
            ],
            "index": "pypi",
            "version": "==7.9.0"
        },
        "ipython-genutils": {
            "hashes": [
                "sha256:72dd37233799e619666c9f639a9da83c34013a73e8bbc79a7a6348d93c61fab8",
                "sha256:eb2e116e75ecef9d4d228fdc66af54269afa26ab4463042e33785b887c628ba8"
            ],
            "version": "==0.2.0"
        },
        "isort": {
            "hashes": [
                "sha256:54da7e92468955c4fceacd0c86bd0ec997b0e1ee80d97f67c35a78b719dccab1",
                "sha256:6e811fcb295968434526407adb8796944f1988c5b65e8139058f2014cbe100fd"
            ],
            "version": "==4.3.21"
        },
        "jedi": {
            "hashes": [
                "sha256:18456d83f65f400ab0c2d3319e48520420ef43b23a086fdc05dff34132f0fb93",
                "sha256:92550a404bad8afed881a137ec9a461fed49eca661414be45059329614ed0707"
            ],
            "version": "==0.18.0"
        },
        "lazy-object-proxy": {
            "hashes": [
                "sha256:0c4b206227a8097f05c4dbdd323c50edf81f15db3b8dc064d08c62d37e1a504d",
                "sha256:194d092e6f246b906e8f70884e620e459fc54db3259e60cf69a4d66c3fda3449",
                "sha256:1be7e4c9f96948003609aa6c974ae59830a6baecc5376c25c92d7d697e684c08",
                "sha256:4677f594e474c91da97f489fea5b7daa17b5517190899cf213697e48d3902f5a",
                "sha256:48dab84ebd4831077b150572aec802f303117c8cc5c871e182447281ebf3ac50",
                "sha256:5541cada25cd173702dbd99f8e22434105456314462326f06dba3e180f203dfd",
                "sha256:59f79fef100b09564bc2df42ea2d8d21a64fdcda64979c0fa3db7bdaabaf6239",
                "sha256:8d859b89baf8ef7f8bc6b00aa20316483d67f0b1cbf422f5b4dc56701c8f2ffb",
                "sha256:9254f4358b9b541e3441b007a0ea0764b9d056afdeafc1a5569eee1cc6c1b9ea",
                "sha256:9651375199045a358eb6741df3e02a651e0330be090b3bc79f6d0de31a80ec3e",
                "sha256:97bb5884f6f1cdce0099f86b907aa41c970c3c672ac8b9c8352789e103cf3156",
                "sha256:9b15f3f4c0f35727d3a0fba4b770b3c4ebbb1fa907dbcc046a1d2799f3edd142",
                "sha256:a2238e9d1bb71a56cd710611a1614d1194dc10a175c1e08d75e1a7bcc250d442",
                "sha256:a6ae12d08c0bf9909ce12385803a543bfe99b95fe01e752536a60af2b7797c62",
                "sha256:ca0a928a3ddbc5725be2dd1cf895ec0a254798915fb3a36af0964a0a4149e3db",
                "sha256:cb2c7c57005a6804ab66f106ceb8482da55f5314b7fcb06551db1edae4ad1531",
                "sha256:d74bb8693bf9cf75ac3b47a54d716bbb1a92648d5f781fc799347cfc95952383",
                "sha256:d945239a5639b3ff35b70a88c5f2f491913eb94871780ebfabb2568bd58afc5a",
                "sha256:eba7011090323c1dadf18b3b689845fd96a61ba0a1dfbd7f24b921398affc357",
                "sha256:efa1909120ce98bbb3777e8b6f92237f5d5c8ea6758efea36a473e1d38f7d3e4",
                "sha256:f3900e8a5de27447acbf900b4750b0ddfd7ec1ea7fbaf11dfa911141bc522af0"
            ],
            "version": "==1.4.3"
        },
        "mccabe": {
            "hashes": [
                "sha256:ab8a6258860da4b6677da4bd2fe5dc2c659cff31b3ee4f7f5d64e79735b80d42",
                "sha256:dd8d182285a0fe56bace7f45b5e7d1a6ebcbf524e8f3bd87eb0f125271b8831f"
            ],
            "version": "==0.6.1"
        },
        "parso": {
            "hashes": [
                "sha256:15b00182f472319383252c18d5913b69269590616c947747bc50bf4ac768f410",
                "sha256:8519430ad07087d4c997fda3a7918f7cfa27cb58972a8c89c2a0295a1c940e9e"
            ],
            "version": "==0.8.1"
        },
        "pexpect": {
            "hashes": [
                "sha256:0b48a55dcb3c05f3329815901ea4fc1537514d6ba867a152b581d69ae3710937",
                "sha256:fc65a43959d153d0114afe13997d439c22823a27cefceb5ff35c2178c6784c0c"
            ],
            "markers": "sys_platform != 'win32'",
            "version": "==4.8.0"
        },
        "pickleshare": {
            "hashes": [
                "sha256:87683d47965c1da65cdacaf31c8441d12b8044cdec9aca500cd78fc2c683afca",
                "sha256:9649af414d74d4df115d5d718f82acb59c9d418196b7b4290ed47a12ce62df56"
            ],
            "version": "==0.7.5"
        },
        "prompt-toolkit": {
            "hashes": [
                "sha256:46642344ce457641f28fc9d1c9ca939b63dadf8df128b86f1b9860e59c73a5e4",
                "sha256:e7f8af9e3d70f514373bf41aa51bc33af12a6db3f71461ea47fea985defb2c31",
                "sha256:f15af68f66e664eaa559d4ac8a928111eebd5feda0c11738b5998045224829db"
            ],
            "version": "==2.0.10"
        },
        "ptyprocess": {
            "hashes": [
                "sha256:4b41f3967fce3af57cc7e94b888626c18bf37a083e3651ca8feeb66d492fef35",
                "sha256:5c5d0a3b48ceee0b48485e0c26037c0acd7d29765ca3fbb5cb3831d347423220"
            ],
            "version": "==0.7.0"
        },
        "pygments": {
            "hashes": [
                "sha256:2656e1a6edcdabf4275f9a3640db59fd5de107d88e8663c5d4e9a0fa62f77f94",
                "sha256:534ef71d539ae97d4c3a4cf7d6f110f214b0e687e92f9cb9d2a3b0d3101289c8"
            ],
            "version": "==2.8.1"
        },
        "pylint": {
            "hashes": [
                "sha256:7b76045426c650d2b0f02fc47c14d7934d17898779da95288a74c2a7ec440702",
                "sha256:856476331f3e26598017290fd65bebe81c960e806776f324093a46b76fb2d1c0"
            ],
            "index": "pypi",
            "version": "==2.4.3"
        },
        "six": {
            "hashes": [
                "sha256:30639c035cdb23534cd4aa2dd52c3bf48f06e5f4a941509c8bafd8ce11080259",
                "sha256:8b74bedcbbbaca38ff6d7491d76f2b06b3592611af620f8426e82dddb04a5ced"
            ],
            "version": "==1.15.0"
        },
        "traitlets": {
            "hashes": [
                "sha256:178f4ce988f69189f7e523337a3e11d91c786ded9360174a3d9ca83e79bc5396",
                "sha256:69ff3f9d5351f31a7ad80443c2674b7099df13cc41fc5fa6e2f6d3b0330b0426"
            ],
            "version": "==5.0.5"
        },
        "typed-ast": {
            "hashes": [
                "sha256:07d49388d5bf7e863f7fa2f124b1b1d89d8aa0e2f7812faff0a5658c01c59aa1",
                "sha256:14bf1522cdee369e8f5581238edac09150c765ec1cb33615855889cf33dcb92d",
                "sha256:240296b27397e4e37874abb1df2a608a92df85cf3e2a04d0d4d61055c8305ba6",
                "sha256:36d829b31ab67d6fcb30e185ec996e1f72b892255a745d3a82138c97d21ed1cd",
                "sha256:37f48d46d733d57cc70fd5f30572d11ab8ed92da6e6b28e024e4a3edfb456e37",
                "sha256:4c790331247081ea7c632a76d5b2a265e6d325ecd3179d06e9cf8d46d90dd151",
                "sha256:5dcfc2e264bd8a1db8b11a892bd1647154ce03eeba94b461effe68790d8b8e07",
                "sha256:7147e2a76c75f0f64c4319886e7639e490fee87c9d25cb1d4faef1d8cf83a440",
                "sha256:7703620125e4fb79b64aa52427ec192822e9f45d37d4b6625ab37ef403e1df70",
                "sha256:8368f83e93c7156ccd40e49a783a6a6850ca25b556c0fa0240ed0f659d2fe496",
                "sha256:84aa6223d71012c68d577c83f4e7db50d11d6b1399a9c779046d75e24bed74ea",
                "sha256:85f95aa97a35bdb2f2f7d10ec5bbdac0aeb9dafdaf88e17492da0504de2e6400",
                "sha256:8db0e856712f79c45956da0c9a40ca4246abc3485ae0d7ecc86a20f5e4c09abc",
                "sha256:9044ef2df88d7f33692ae3f18d3be63dec69c4fb1b5a4a9ac950f9b4ba571606",
                "sha256:963c80b583b0661918718b095e02303d8078950b26cc00b5e5ea9ababe0de1fc",
                "sha256:987f15737aba2ab5f3928c617ccf1ce412e2e321c77ab16ca5a293e7bbffd581",
                "sha256:9ec45db0c766f196ae629e509f059ff05fc3148f9ffd28f3cfe75d4afb485412",
                "sha256:9fc0b3cb5d1720e7141d103cf4819aea239f7d136acf9ee4a69b047b7986175a",
                "sha256:a2c927c49f2029291fbabd673d51a2180038f8cd5a5b2f290f78c4516be48be2",
                "sha256:a38878a223bdd37c9709d07cd357bb79f4c760b29210e14ad0fb395294583787",
                "sha256:b4fcdcfa302538f70929eb7b392f536a237cbe2ed9cba88e3bf5027b39f5f77f",
                "sha256:c0c74e5579af4b977c8b932f40a5464764b2f86681327410aa028a22d2f54937",
                "sha256:c1c876fd795b36126f773db9cbb393f19808edd2637e00fd6caba0e25f2c7b64",
                "sha256:c9aadc4924d4b5799112837b226160428524a9a45f830e0d0f184b19e4090487",
                "sha256:cc7b98bf58167b7f2db91a4327da24fb93368838eb84a44c472283778fc2446b",
                "sha256:cf54cfa843f297991b7388c281cb3855d911137223c6b6d2dd82a47ae5125a41",
                "sha256:d003156bb6a59cda9050e983441b7fa2487f7800d76bdc065566b7d728b4581a",
                "sha256:d175297e9533d8d37437abc14e8a83cbc68af93cc9c1c59c2c292ec59a0697a3",
                "sha256:d746a437cdbca200622385305aedd9aef68e8a645e385cc483bdc5e488f07166",
                "sha256:e683e409e5c45d5c9082dc1daf13f6374300806240719f95dc783d1fc942af10"
            ],
            "markers": "implementation_name == 'cpython' and python_version < '3.8'",
            "version": "==1.4.2"
        },
        "wcwidth": {
            "hashes": [
                "sha256:beb4802a9cebb9144e99086eff703a642a13d6a0052920003a230f3294bbe784",
                "sha256:c4d647b99872929fdb7bdcaa4fbe7f01413ed3d98077df798530e5b04f116c83"
            ],
            "version": "==0.2.5"
        },
        "wrapt": {
            "hashes": [
                "sha256:565a021fd19419476b9362b05eeaa094178de64f8361e44468f9e9d7843901e1"
            ],
            "version": "==1.11.2"
        }
    }
}
